
Microsoft Visual Studio Solution File, Format Version 12.00
# Visual Studio 15
Project("{f2a71f9b-5d33-465a-a702-920d77279786}") = "Day02", "Day02\Day02.fsproj", "{52B2149B-3807-4187-9783-BD6C2000A726}"
EndProject
Global
	GlobalSection(SolutionConfigurationPlatforms) = preSolution
		Debug|x86 = Debug|x86
		Release|x86 = Release|x86
	EndGlobalSection
	GlobalSection(ProjectConfigurationPlatforms) = postSolution
		{52B2149B-3807-4187-9783-BD6C2000A726}.Debug|x86.ActiveCfg = Debug|x86
		{52B2149B-3807-4187-9783-BD6C2000A726}.Debug|x86.Build.0 = Debug|x86
		{52B2149B-3807-4187-9783-BD6C2000A726}.Release|x86.ActiveCfg = Release|x86
		{52B2149B-3807-4187-9783-BD6C2000A726}.Release|x86.Build.0 = Release|x86
	EndGlobalSection
EndGlobal
